
Microsoft Visual Studio Solution File, Format Version 12.00
# Visual Studio 15
Project("{FAE04EC0-301F-11D3-BF4B-00C04F79EFBC}") = "Assembly-CSharp", "Assembly-CSharp.csproj", "{1B6FD048-A930-157F-6D94-DBC46EAD301B}"
EndProject
Global
	GlobalSection(SolutionConfigurationPlatforms) = preSolution
		Debug|Any CPU = Debug|Any CPU
		Release|Any CPU = Release|Any CPU
	EndGlobalSection
	GlobalSection(ProjectConfigurationPlatforms) = postSolution
		{1B6FD048-A930-157F-6D94-DBC46EAD301B}.Debug|Any CPU.ActiveCfg = Debug|Any CPU
		{1B6FD048-A930-157F-6D94-DBC46EAD301B}.Debug|Any CPU.Build.0 = Debug|Any CPU
		{1B6FD048-A930-157F-6D94-DBC46EAD301B}.Release|Any CPU.ActiveCfg = Release|Any CPU
		{1B6FD048-A930-157F-6D94-DBC46EAD301B}.Release|Any CPU.Build.0 = Release|Any CPU
	EndGlobalSection
	GlobalSection(SolutionProperties) = preSolution
		HideSolutionNode = FALSE
	EndGlobalSection
EndGlobal
